<Solution>
  <Configurations>
    <Platform Name="Any CPU" />
    <Platform Name="x64" />
    <Platform Name="x86" />
  </Configurations>
  <Folder Name="/src/">
    <Folder Name="/Services/">
        <Folder Name="/MovieStudio.LocalMovies/">
            <Project Path="LocalMovies.Api/LocalMovies.Api.csproj" />
            <Project Path="LocalMovies.Application/LocalMovies.Application.csproj" />
            <Project Path="LocalMovies.Infrastructure/LocalMovies.Infrastructure.csproj" />
        </Folder>
    </Folder>
    <Folder Name="/Shared/">
        <Project Path="MovieStudio.Application/MovieStudio.Application.csproj" />
        <Project Path="MovieStudio.Domain/MovieStudio.Domain.csproj" />
    </Folder>
  </Folder>
</Solution>
