<Solution>
  <Configurations>
    <Platform Name="Any CPU" />
    <Platform Name="x64" />
    <Platform Name="x86" />
  </Configurations>
  <Folder Name="/MovieStudio.Libs/">
    <Project Path="MovieStudio.Libs/LocalMovieStorage/LocalMovieStorage.csproj" />
  </Folder>
  <Project Path="MovieStudio.App/MovieStudio.App.csproj" />
  <Project Path="MovieStudio.Auth/MovieStudio.Auth.csproj" />
  <Project Path="MovieStudio.Infrastructure/MovieStudio.Infrastructure.csproj" />
</Solution>
