
Microsoft Visual Studio Solution File, Format Version 12.00
# Visual Studio Version 17
VisualStudioVersion = 17.0.31903.59
MinimumVisualStudioVersion = 10.0.40219.1
Project("{FAE04EC0-301F-11D3-BF4B-00C04F79EFBC}") = "MovieStudio.App", "MovieStudio.App\MovieStudio.App.csproj", "{7464C0BD-4DAF-43D3-80C3-6190E23D9D03}"
EndProject
Project("{FAE04EC0-301F-11D3-BF4B-00C04F79EFBC}") = "MovieStudio.Auth", "MovieStudio.Auth\MovieStudio.Auth.csproj", "{FFECEDB5-FCEE-452E-A77E-E0AA5D11DAE0}"
EndProject
Project("{2150E333-8FDC-42A3-9474-1A3956D46DE8}") = "MovieStudio.Libs", "MovieStudio.Libs", "{DA0592E7-EF4C-ECAF-8DC4-AF68A767DBF8}"
EndProject
Project("{FAE04EC0-301F-11D3-BF4B-00C04F79EFBC}") = "LocalMovies", "MovieStudio.Libs\LocalMovies\LocalMovies.csproj", "{14F55237-21C2-4111-B93E-45985E39CE77}"
EndProject
Project("{FAE04EC0-301F-11D3-BF4B-00C04F79EFBC}") = "MovieStudio.Infrastructure", "MovieStudio.Infrastructure\MovieStudio.Infrastructure.csproj", "{807C6D03-48B4-44B6-B445-57C7E0B92073}"
EndProject
Global
	GlobalSection(SolutionConfigurationPlatforms) = preSolution
		Debug|Any CPU = Debug|Any CPU
		Debug|x64 = Debug|x64
		Debug|x86 = Debug|x86
		Release|Any CPU = Release|Any CPU
		Release|x64 = Release|x64
		Release|x86 = Release|x86
	EndGlobalSection
	GlobalSection(ProjectConfigurationPlatforms) = postSolution
		{7464C0BD-4DAF-43D3-80C3-6190E23D9D03}.Debug|Any CPU.ActiveCfg = Debug|Any CPU
		{7464C0BD-4DAF-43D3-80C3-6190E23D9D03}.Debug|Any CPU.Build.0 = Debug|Any CPU
		{7464C0BD-4DAF-43D3-80C3-6190E23D9D03}.Debug|x64.ActiveCfg = Debug|Any CPU
		{7464C0BD-4DAF-43D3-80C3-6190E23D9D03}.Debug|x64.Build.0 = Debug|Any CPU
		{7464C0BD-4DAF-43D3-80C3-6190E23D9D03}.Debug|x86.ActiveCfg = Debug|Any CPU
		{7464C0BD-4DAF-43D3-80C3-6190E23D9D03}.Debug|x86.Build.0 = Debug|Any CPU
		{7464C0BD-4DAF-43D3-80C3-6190E23D9D03}.Release|Any CPU.ActiveCfg = Release|Any CPU
		{7464C0BD-4DAF-43D3-80C3-6190E23D9D03}.Release|Any CPU.Build.0 = Release|Any CPU
		{7464C0BD-4DAF-43D3-80C3-6190E23D9D03}.Release|x64.ActiveCfg = Release|Any CPU
		{7464C0BD-4DAF-43D3-80C3-6190E23D9D03}.Release|x64.Build.0 = Release|Any CPU
		{7464C0BD-4DAF-43D3-80C3-6190E23D9D03}.Release|x86.ActiveCfg = Release|Any CPU
		{7464C0BD-4DAF-43D3-80C3-6190E23D9D03}.Release|x86.Build.0 = Release|Any CPU
		{FFECEDB5-FCEE-452E-A77E-E0AA5D11DAE0}.Debug|Any CPU.ActiveCfg = Debug|Any CPU
		{FFECEDB5-FCEE-452E-A77E-E0AA5D11DAE0}.Debug|Any CPU.Build.0 = Debug|Any CPU
		{FFECEDB5-FCEE-452E-A77E-E0AA5D11DAE0}.Debug|x64.ActiveCfg = Debug|Any CPU
		{FFECEDB5-FCEE-452E-A77E-E0AA5D11DAE0}.Debug|x64.Build.0 = Debug|Any CPU
		{FFECEDB5-FCEE-452E-A77E-E0AA5D11DAE0}.Debug|x86.ActiveCfg = Debug|Any CPU
		{FFECEDB5-FCEE-452E-A77E-E0AA5D11DAE0}.Debug|x86.Build.0 = Debug|Any CPU
		{FFECEDB5-FCEE-452E-A77E-E0AA5D11DAE0}.Release|Any CPU.ActiveCfg = Release|Any CPU
		{FFECEDB5-FCEE-452E-A77E-E0AA5D11DAE0}.Release|Any CPU.Build.0 = Release|Any CPU
		{FFECEDB5-FCEE-452E-A77E-E0AA5D11DAE0}.Release|x64.ActiveCfg = Release|Any CPU
		{FFECEDB5-FCEE-452E-A77E-E0AA5D11DAE0}.Release|x64.Build.0 = Release|Any CPU
		{FFECEDB5-FCEE-452E-A77E-E0AA5D11DAE0}.Release|x86.ActiveCfg = Release|Any CPU
		{FFECEDB5-FCEE-452E-A77E-E0AA5D11DAE0}.Release|x86.Build.0 = Release|Any CPU
		{14F55237-21C2-4111-B93E-45985E39CE77}.Debug|Any CPU.ActiveCfg = Debug|Any CPU
		{14F55237-21C2-4111-B93E-45985E39CE77}.Debug|Any CPU.Build.0 = Debug|Any CPU
		{14F55237-21C2-4111-B93E-45985E39CE77}.Debug|x64.ActiveCfg = Debug|Any CPU
		{14F55237-21C2-4111-B93E-45985E39CE77}.Debug|x64.Build.0 = Debug|Any CPU
		{14F55237-21C2-4111-B93E-45985E39CE77}.Debug|x86.ActiveCfg = Debug|Any CPU
		{14F55237-21C2-4111-B93E-45985E39CE77}.Debug|x86.Build.0 = Debug|Any CPU
		{14F55237-21C2-4111-B93E-45985E39CE77}.Release|Any CPU.ActiveCfg = Release|Any CPU
		{14F55237-21C2-4111-B93E-45985E39CE77}.Release|Any CPU.Build.0 = Release|Any CPU
		{14F55237-21C2-4111-B93E-45985E39CE77}.Release|x64.ActiveCfg = Release|Any CPU
		{14F55237-21C2-4111-B93E-45985E39CE77}.Release|x64.Build.0 = Release|Any CPU
		{14F55237-21C2-4111-B93E-45985E39CE77}.Release|x86.ActiveCfg = Release|Any CPU
		{14F55237-21C2-4111-B93E-45985E39CE77}.Release|x86.Build.0 = Release|Any CPU
		{807C6D03-48B4-44B6-B445-57C7E0B92073}.Debug|Any CPU.ActiveCfg = Debug|Any CPU
		{807C6D03-48B4-44B6-B445-57C7E0B92073}.Debug|Any CPU.Build.0 = Debug|Any CPU
		{807C6D03-48B4-44B6-B445-57C7E0B92073}.Debug|x64.ActiveCfg = Debug|Any CPU
		{807C6D03-48B4-44B6-B445-57C7E0B92073}.Debug|x64.Build.0 = Debug|Any CPU
		{807C6D03-48B4-44B6-B445-57C7E0B92073}.Debug|x86.ActiveCfg = Debug|Any CPU
		{807C6D03-48B4-44B6-B445-57C7E0B92073}.Debug|x86.Build.0 = Debug|Any CPU
		{807C6D03-48B4-44B6-B445-57C7E0B92073}.Release|Any CPU.ActiveCfg = Release|Any CPU
		{807C6D03-48B4-44B6-B445-57C7E0B92073}.Release|Any CPU.Build.0 = Release|Any CPU
		{807C6D03-48B4-44B6-B445-57C7E0B92073}.Release|x64.ActiveCfg = Release|Any CPU
		{807C6D03-48B4-44B6-B445-57C7E0B92073}.Release|x64.Build.0 = Release|Any CPU
		{807C6D03-48B4-44B6-B445-57C7E0B92073}.Release|x86.ActiveCfg = Release|Any CPU
		{807C6D03-48B4-44B6-B445-57C7E0B92073}.Release|x86.Build.0 = Release|Any CPU
	EndGlobalSection
	GlobalSection(SolutionProperties) = preSolution
		HideSolutionNode = FALSE
	EndGlobalSection
	GlobalSection(NestedProjects) = preSolution
		{14F55237-21C2-4111-B93E-45985E39CE77} = {DA0592E7-EF4C-ECAF-8DC4-AF68A767DBF8}
	EndGlobalSection
EndGlobal
